
Microsoft Visual Studio Solution File, Format Version 12.00
# Visual Studio Version 16
VisualStudioVersion = 16.0.31005.135
MinimumVisualStudioVersion = 15.0.26124.0
Project("{9A19103F-16F7-4668-BE54-9A1E7A4F7556}") = "Serilog.Enrichers.ActivityTags", "Serilog.Enrichers.ActivityTags\Serilog.Enrichers.ActivityTags.csproj", "{239C0115-556E-41A7-9F02-CB34A4551F85}"
EndProject
Project("{9A19103F-16F7-4668-BE54-9A1E7A4F7556}") = "Serilog.Enrichers.ActivityTags.Tests", "Serilog.Enrichers.ActivityTags.Tests\Serilog.Enrichers.ActivityTags.Tests.csproj", "{828D861E-AFC8-45D1-B7DD-72B40323525D}"
EndProject
Global
	GlobalSection(SolutionConfigurationPlatforms) = preSolution
		Debug|Any CPU = Debug|Any CPU
		Debug|x64 = Debug|x64
		Debug|x86 = Debug|x86
		Release|Any CPU = Release|Any CPU
		Release|x64 = Release|x64
		Release|x86 = Release|x86
	EndGlobalSection
	GlobalSection(ProjectConfigurationPlatforms) = postSolution
		{239C0115-556E-41A7-9F02-CB34A4551F85}.Debug|Any CPU.ActiveCfg = Debug|Any CPU
		{239C0115-556E-41A7-9F02-CB34A4551F85}.Debug|Any CPU.Build.0 = Debug|Any CPU
		{239C0115-556E-41A7-9F02-CB34A4551F85}.Debug|x64.ActiveCfg = Debug|Any CPU
		{239C0115-556E-41A7-9F02-CB34A4551F85}.Debug|x64.Build.0 = Debug|Any CPU
		{239C0115-556E-41A7-9F02-CB34A4551F85}.Debug|x86.ActiveCfg = Debug|Any CPU
		{239C0115-556E-41A7-9F02-CB34A4551F85}.Debug|x86.Build.0 = Debug|Any CPU
		{239C0115-556E-41A7-9F02-CB34A4551F85}.Release|Any CPU.ActiveCfg = Release|Any CPU
		{239C0115-556E-41A7-9F02-CB34A4551F85}.Release|Any CPU.Build.0 = Release|Any CPU
		{239C0115-556E-41A7-9F02-CB34A4551F85}.Release|x64.ActiveCfg = Release|Any CPU
		{239C0115-556E-41A7-9F02-CB34A4551F85}.Release|x64.Build.0 = Release|Any CPU
		{239C0115-556E-41A7-9F02-CB34A4551F85}.Release|x86.ActiveCfg = Release|Any CPU
		{239C0115-556E-41A7-9F02-CB34A4551F85}.Release|x86.Build.0 = Release|Any CPU
		{828D861E-AFC8-45D1-B7DD-72B40323525D}.Debug|Any CPU.ActiveCfg = Debug|Any CPU
		{828D861E-AFC8-45D1-B7DD-72B40323525D}.Debug|Any CPU.Build.0 = Debug|Any CPU
		{828D861E-AFC8-45D1-B7DD-72B40323525D}.Debug|x64.ActiveCfg = Debug|Any CPU
		{828D861E-AFC8-45D1-B7DD-72B40323525D}.Debug|x64.Build.0 = Debug|Any CPU
		{828D861E-AFC8-45D1-B7DD-72B40323525D}.Debug|x86.ActiveCfg = Debug|Any CPU
		{828D861E-AFC8-45D1-B7DD-72B40323525D}.Debug|x86.Build.0 = Debug|Any CPU
		{828D861E-AFC8-45D1-B7DD-72B40323525D}.Release|Any CPU.ActiveCfg = Release|Any CPU
		{828D861E-AFC8-45D1-B7DD-72B40323525D}.Release|Any CPU.Build.0 = Release|Any CPU
		{828D861E-AFC8-45D1-B7DD-72B40323525D}.Release|x64.ActiveCfg = Release|Any CPU
		{828D861E-AFC8-45D1-B7DD-72B40323525D}.Release|x64.Build.0 = Release|Any CPU
		{828D861E-AFC8-45D1-B7DD-72B40323525D}.Release|x86.ActiveCfg = Release|Any CPU
		{828D861E-AFC8-45D1-B7DD-72B40323525D}.Release|x86.Build.0 = Release|Any CPU
	EndGlobalSection
	GlobalSection(SolutionProperties) = preSolution
		HideSolutionNode = FALSE
	EndGlobalSection
	GlobalSection(ExtensibilityGlobals) = postSolution
		SolutionGuid = {ECE84B69-821E-49C0-92ED-F95AB62458B3}
	EndGlobalSection
EndGlobal
